
Microsoft Visual Studio Solution File, Format Version 12.00
# Visual Studio Version 16
VisualStudioVersion = 16.0.29020.237
MinimumVisualStudioVersion = 10.0.40219.1
Project("{FAE04EC0-301F-11D3-BF4B-00C04F79EFBC}") = "RestaurantApp.Android", "RestaurantApp.Android\RestaurantApp.Android.csproj", "{A568116E-5256-4F6B-870D-B70BE11E9B6A}"
EndProject
Project("{FAE04EC0-301F-11D3-BF4B-00C04F79EFBC}") = "RestaurantApp.iOS", "RestaurantApp.iOS\RestaurantApp.iOS.csproj", "{54706E94-A43E-4572-8840-524663B8AF2C}"
EndProject
Project("{9A19103F-16F7-4668-BE54-9A1E7A4F7556}") = "RestaurantApp", "RestaurantApp\RestaurantApp.csproj", "{4CDEEE34-DD2E-45B3-9461-368E80AC0BBA}"
EndProject
Global
	GlobalSection(SolutionConfigurationPlatforms) = preSolution
		Debug|Any CPU = Debug|Any CPU
		Debug|iPhone = Debug|iPhone
		Debug|iPhoneSimulator = Debug|iPhoneSimulator
		Release|Any CPU = Release|Any CPU
		Release|iPhone = Release|iPhone
		Release|iPhoneSimulator = Release|iPhoneSimulator
	EndGlobalSection
	GlobalSection(ProjectConfigurationPlatforms) = postSolution
		{A568116E-5256-4F6B-870D-B70BE11E9B6A}.Debug|Any CPU.ActiveCfg = Debug|Any CPU
		{A568116E-5256-4F6B-870D-B70BE11E9B6A}.Debug|Any CPU.Build.0 = Debug|Any CPU
		{A568116E-5256-4F6B-870D-B70BE11E9B6A}.Debug|Any CPU.Deploy.0 = Debug|Any CPU
		{A568116E-5256-4F6B-870D-B70BE11E9B6A}.Debug|iPhone.ActiveCfg = Debug|Any CPU
		{A568116E-5256-4F6B-870D-B70BE11E9B6A}.Debug|iPhone.Build.0 = Debug|Any CPU
		{A568116E-5256-4F6B-870D-B70BE11E9B6A}.Debug|iPhone.Deploy.0 = Debug|Any CPU
		{A568116E-5256-4F6B-870D-B70BE11E9B6A}.Debug|iPhoneSimulator.ActiveCfg = Debug|Any CPU
		{A568116E-5256-4F6B-870D-B70BE11E9B6A}.Debug|iPhoneSimulator.Build.0 = Debug|Any CPU
		{A568116E-5256-4F6B-870D-B70BE11E9B6A}.Debug|iPhoneSimulator.Deploy.0 = Debug|Any CPU
		{A568116E-5256-4F6B-870D-B70BE11E9B6A}.Release|Any CPU.ActiveCfg = Release|Any CPU
		{A568116E-5256-4F6B-870D-B70BE11E9B6A}.Release|Any CPU.Build.0 = Release|Any CPU
		{A568116E-5256-4F6B-870D-B70BE11E9B6A}.Release|Any CPU.Deploy.0 = Release|Any CPU
		{A568116E-5256-4F6B-870D-B70BE11E9B6A}.Release|iPhone.ActiveCfg = Release|Any CPU
		{A568116E-5256-4F6B-870D-B70BE11E9B6A}.Release|iPhone.Build.0 = Release|Any CPU
		{A568116E-5256-4F6B-870D-B70BE11E9B6A}.Release|iPhone.Deploy.0 = Release|Any CPU
		{A568116E-5256-4F6B-870D-B70BE11E9B6A}.Release|iPhoneSimulator.ActiveCfg = Release|Any CPU
		{A568116E-5256-4F6B-870D-B70BE11E9B6A}.Release|iPhoneSimulator.Build.0 = Release|Any CPU
		{A568116E-5256-4F6B-870D-B70BE11E9B6A}.Release|iPhoneSimulator.Deploy.0 = Release|Any CPU
		{54706E94-A43E-4572-8840-524663B8AF2C}.Debug|Any CPU.ActiveCfg = Debug|iPhoneSimulator
		{54706E94-A43E-4572-8840-524663B8AF2C}.Debug|Any CPU.Build.0 = Debug|iPhoneSimulator
		{54706E94-A43E-4572-8840-524663B8AF2C}.Debug|Any CPU.Deploy.0 = Debug|iPhoneSimulator
		{54706E94-A43E-4572-8840-524663B8AF2C}.Debug|iPhone.ActiveCfg = Debug|iPhone
		{54706E94-A43E-4572-8840-524663B8AF2C}.Debug|iPhone.Build.0 = Debug|iPhone
		{54706E94-A43E-4572-8840-524663B8AF2C}.Debug|iPhone.Deploy.0 = Debug|iPhone
		{54706E94-A43E-4572-8840-524663B8AF2C}.Debug|iPhoneSimulator.ActiveCfg = Debug|iPhoneSimulator
		{54706E94-A43E-4572-8840-524663B8AF2C}.Debug|iPhoneSimulator.Build.0 = Debug|iPhoneSimulator
		{54706E94-A43E-4572-8840-524663B8AF2C}.Debug|iPhoneSimulator.Deploy.0 = Debug|iPhoneSimulator
		{54706E94-A43E-4572-8840-524663B8AF2C}.Release|Any CPU.ActiveCfg = Release|iPhone
		{54706E94-A43E-4572-8840-524663B8AF2C}.Release|Any CPU.Build.0 = Release|iPhone
		{54706E94-A43E-4572-8840-524663B8AF2C}.Release|Any CPU.Deploy.0 = Release|iPhone
		{54706E94-A43E-4572-8840-524663B8AF2C}.Release|iPhone.ActiveCfg = Release|iPhone
		{54706E94-A43E-4572-8840-524663B8AF2C}.Release|iPhone.Build.0 = Release|iPhone
		{54706E94-A43E-4572-8840-524663B8AF2C}.Release|iPhone.Deploy.0 = Release|iPhone
		{54706E94-A43E-4572-8840-524663B8AF2C}.Release|iPhoneSimulator.ActiveCfg = Release|iPhoneSimulator
		{54706E94-A43E-4572-8840-524663B8AF2C}.Release|iPhoneSimulator.Build.0 = Release|iPhoneSimulator
		{54706E94-A43E-4572-8840-524663B8AF2C}.Release|iPhoneSimulator.Deploy.0 = Release|iPhoneSimulator
		{4CDEEE34-DD2E-45B3-9461-368E80AC0BBA}.Debug|Any CPU.ActiveCfg = Debug|Any CPU
		{4CDEEE34-DD2E-45B3-9461-368E80AC0BBA}.Debug|Any CPU.Build.0 = Debug|Any CPU
		{4CDEEE34-DD2E-45B3-9461-368E80AC0BBA}.Debug|Any CPU.Deploy.0 = Debug|Any CPU
		{4CDEEE34-DD2E-45B3-9461-368E80AC0BBA}.Debug|iPhone.ActiveCfg = Debug|Any CPU
		{4CDEEE34-DD2E-45B3-9461-368E80AC0BBA}.Debug|iPhone.Build.0 = Debug|Any CPU
		{4CDEEE34-DD2E-45B3-9461-368E80AC0BBA}.Debug|iPhone.Deploy.0 = Debug|Any CPU
		{4CDEEE34-DD2E-45B3-9461-368E80AC0BBA}.Debug|iPhoneSimulator.ActiveCfg = Debug|Any CPU
		{4CDEEE34-DD2E-45B3-9461-368E80AC0BBA}.Debug|iPhoneSimulator.Build.0 = Debug|Any CPU
		{4CDEEE34-DD2E-45B3-9461-368E80AC0BBA}.Debug|iPhoneSimulator.Deploy.0 = Debug|Any CPU
		{4CDEEE34-DD2E-45B3-9461-368E80AC0BBA}.Release|Any CPU.ActiveCfg = Release|Any CPU
		{4CDEEE34-DD2E-45B3-9461-368E80AC0BBA}.Release|Any CPU.Build.0 = Release|Any CPU
		{4CDEEE34-DD2E-45B3-9461-368E80AC0BBA}.Release|Any CPU.Deploy.0 = Release|Any CPU
		{4CDEEE34-DD2E-45B3-9461-368E80AC0BBA}.Release|iPhone.ActiveCfg = Release|Any CPU
		{4CDEEE34-DD2E-45B3-9461-368E80AC0BBA}.Release|iPhone.Build.0 = Release|Any CPU
		{4CDEEE34-DD2E-45B3-9461-368E80AC0BBA}.Release|iPhone.Deploy.0 = Release|Any CPU
		{4CDEEE34-DD2E-45B3-9461-368E80AC0BBA}.Release|iPhoneSimulator.ActiveCfg = Release|Any CPU
		{4CDEEE34-DD2E-45B3-9461-368E80AC0BBA}.Release|iPhoneSimulator.Build.0 = Release|Any CPU
		{4CDEEE34-DD2E-45B3-9461-368E80AC0BBA}.Release|iPhoneSimulator.Deploy.0 = Release|Any CPU
	EndGlobalSection
	GlobalSection(SolutionProperties) = preSolution
		HideSolutionNode = FALSE
	EndGlobalSection
	GlobalSection(ExtensibilityGlobals) = postSolution
		SolutionGuid = {C8C95F87-90CD-467A-9989-9AECA3C166AF}
	EndGlobalSection
EndGlobal
